
Microsoft Visual Studio Solution File, Format Version 12.00
# Visual Studio 2013
VisualStudioVersion = 12.0.21005.1
MinimumVisualStudioVersion = 10.0.40219.1
Project("{FAE04EC0-301F-11D3-BF4B-00C04F79EFBC}") = "OBSChatViewers", "OBSChatViewers\OBSChatViewers.csproj", "{B904C539-F498-467E-8145-FC3DA96B9475}"
EndProject
Global
	GlobalSection(SolutionConfigurationPlatforms) = preSolution
		Debug|Any CPU = Debug|Any CPU
		Release|Any CPU = Release|Any CPU
	EndGlobalSection
	GlobalSection(ProjectConfigurationPlatforms) = postSolution
		{B904C539-F498-467E-8145-FC3DA96B9475}.Debug|Any CPU.ActiveCfg = Debug|Any CPU
		{B904C539-F498-467E-8145-FC3DA96B9475}.Debug|Any CPU.Build.0 = Debug|Any CPU
		{B904C539-F498-467E-8145-FC3DA96B9475}.Release|Any CPU.ActiveCfg = Release|Any CPU
		{B904C539-F498-467E-8145-FC3DA96B9475}.Release|Any CPU.Build.0 = Release|Any CPU
	EndGlobalSection
	GlobalSection(SolutionProperties) = preSolution
		HideSolutionNode = FALSE
	EndGlobalSection
EndGlobal
